
Microsoft Visual Studio Solution File, Format Version 12.00
# Visual Studio 15
Project("{FAE04EC0-301F-11D3-BF4B-00C04F79EFBC}") = "FactoryPatternExample", "FactoryPatternExample\FactoryPatternExample.csproj", "{89664ECA-6A6E-41FE-B007-77C277D76FFF}"
EndProject
Global
	GlobalSection(SolutionConfigurationPlatforms) = preSolution
		Debug|anycpu = Debug|anycpu
		Release|anycpu = Release|anycpu
	EndGlobalSection
	GlobalSection(ProjectConfigurationPlatforms) = postSolution
		{89664ECA-6A6E-41FE-B007-77C277D76FFF}.Debug|anycpu.ActiveCfg = Debug|anycpu
		{89664ECA-6A6E-41FE-B007-77C277D76FFF}.Debug|anycpu.Build.0 = Debug|anycpu
		{89664ECA-6A6E-41FE-B007-77C277D76FFF}.Release|anycpu.ActiveCfg = Release|anycpu
		{89664ECA-6A6E-41FE-B007-77C277D76FFF}.Release|anycpu.Build.0 = Release|anycpu
	EndGlobalSection
EndGlobal
